PODS:
  - Alamofire (4.8.2)
  - IQKeyboardManager (6.5.0)
  - SwiftSpinner (2.1.0)
  - SwiftValidator (4.0.0)
  - UnderLineTextField (2.1.0)

DEPENDENCIES:
  - Alamofire (~> 4.8.2)
  - IQKeyboardManager
  - SwiftSpinner
  - SwiftValidator (from `https://github.com/jpotts18/SwiftValidator.git`, tag `4.2.0`)
  - UnderLineTextField (~> 2.0)

SPEC REPOS:
  https://github.com/cocoapods/specs.git:
    - Alamofire
    - IQKeyboardManager
    - SwiftSpinner
    - UnderLineTextField

EXTERNAL SOURCES:
  SwiftValidator:
    :git: https://github.com/jpotts18/SwiftValidator.git
    :tag: 4.2.0

CHECKOUT OPTIONS:
  SwiftValidator:
    :git: https://github.com/jpotts18/SwiftValidator.git
    :tag: 4.2.0

SPEC CHECKSUMS:
  Alamofire: ae5c501addb7afdbb13687d7f2f722c78734c2d3
  IQKeyboardManager: 700e5155d6a292383b54e8678aec769e14fc78fc
  SwiftSpinner: 0f15c006307f8d8bbac075638927ec1361b565d7
  SwiftValidator: 249b6b3ae3b294266c5b9de134d94f18f2d5aa47
  UnderLineTextField: b3f5307b56962331e30a965e81b79aae2df1de83

PODFILE CHECKSUM: 6cd2c618563be66cbecf5649e9234db71081afb1

COCOAPODS: 1.7.5
