// !$*UTF8*$!
{
	archiveVersion = 1;
	classes = {
	};
	objectVersion = 51;
	objects = {

/* Begin PBXBuildFile section */
		08B514D6A0D4229510BE8A8F /* Pods_Cellulant.framework in Frameworks */ = {isa = PBXBuildFile; fileRef = A65351341D847035105F5B60 /* Pods_Cellulant.framework */; };
		174A78D923E301AB00D0747E /* AppDelegate.swift in Sources */ = {isa = PBXBuildFile; fileRef = 174A78D823E301AB00D0747E /* AppDelegate.swift */; };
		174A78DD23E301AB00D0747E /* MasterViewController.swift in Sources */ = {isa = PBXBuildFile; fileRef = 174A78DC23E301AB00D0747E /* MasterViewController.swift */; };
		174A78DF23E301AB00D0747E /* DetailViewController.swift in Sources */ = {isa = PBXBuildFile; fileRef = 174A78DE23E301AB00D0747E /* DetailViewController.swift */; };
		174A78E223E301AB00D0747E /* Main.storyboard in Resources */ = {isa = PBXBuildFile; fileRef = 174A78E023E301AB00D0747E /* Main.storyboard */; };
		174A78E423E301AC00D0747E /* Assets.xcassets in Resources */ = {isa = PBXBuildFile; fileRef = 174A78E323E301AC00D0747E /* Assets.xcassets */; };
		174A78E723E301AC00D0747E /* LaunchScreen.storyboard in Resources */ = {isa = PBXBuildFile; fileRef = 174A78E523E301AC00D0747E /* LaunchScreen.storyboard */; };
		174A78F023E301FA00D0747E /* LoginViewController.swift in Sources */ = {isa = PBXBuildFile; fileRef = 174A78EF23E301FA00D0747E /* LoginViewController.swift */; };
		174A78F323E3022300D0747E /* AppModel.swift in Sources */ = {isa = PBXBuildFile; fileRef = 174A78F223E3022300D0747E /* AppModel.swift */; };
		174A78F523E303D200D0747E /* RestfulApi.swift in Sources */ = {isa = PBXBuildFile; fileRef = 174A78F423E303D200D0747E /* RestfulApi.swift */; };
		174A78F723E305B400D0747E /* Data.swift in Sources */ = {isa = PBXBuildFile; fileRef = 174A78F623E305B400D0747E /* Data.swift */; };
		174A78F923E3291200D0747E /* SceneDelegate.swift in Sources */ = {isa = PBXBuildFile; fileRef = 174A78F823E3291200D0747E /* SceneDelegate.swift */; };
/* End PBXBuildFile section */

/* Begin PBXFileReference section */
		174A78D523E301AB00D0747E /* Cellulant.app */ = {isa = PBXFileReference; explicitFileType = wrapper.application; includeInIndex = 0; path = Cellulant.app; sourceTree = BUILT_PRODUCTS_DIR; };
		174A78D823E301AB00D0747E /* AppDelegate.swift */ = {isa = PBXFileReference; lastKnownFileType = sourcecode.swift; path = AppDelegate.swift; sourceTree = "<group>"; };
		174A78DC23E301AB00D0747E /* MasterViewController.swift */ = {isa = PBXFileReference; lastKnownFileType = sourcecode.swift; path = MasterViewController.swift; sourceTree = "<group>"; };
		174A78DE23E301AB00D0747E /* DetailViewController.swift */ = {isa = PBXFileReference; lastKnownFileType = sourcecode.swift; path = DetailViewController.swift; sourceTree = "<group>"; };
		174A78E123E301AB00D0747E /* Base */ = {isa = PBXFileReference; lastKnownFileType = file.storyboard; name = Base; path = Base.lproj/Main.storyboard; sourceTree = "<group>"; };
		174A78E323E301AC00D0747E /* Assets.xcassets */ = {isa = PBXFileReference; lastKnownFileType = folder.assetcatalog; path = Assets.xcassets; sourceTree = "<group>"; };
		174A78E623E301AC00D0747E /* Base */ = {isa = PBXFileReference; lastKnownFileType = file.storyboard; name = Base; path = Base.lproj/LaunchScreen.storyboard; sourceTree = "<group>"; };
		174A78E823E301AC00D0747E /* Info.plist */ = {isa = PBXFileReference; lastKnownFileType = text.plist.xml; path = Info.plist; sourceTree = "<group>"; };
		174A78EF23E301FA00D0747E /* LoginViewController.swift */ = {isa = PBXFileReference; lastKnownFileType = sourcecode.swift; path = LoginViewController.swift; sourceTree = "<group>"; };
		174A78F223E3022300D0747E /* AppModel.swift */ = {isa = PBXFileReference; lastKnownFileType = sourcecode.swift; path = AppModel.swift; sourceTree = "<group>"; };
		174A78F423E303D200D0747E /* RestfulApi.swift */ = {isa = PBXFileReference; fileEncoding = 4; lastKnownFileType = sourcecode.swift; name = RestfulApi.swift; path = Cellulant/RestfulApi.swift; sourceTree = SOURCE_ROOT; };
		174A78F623E305B400D0747E /* Data.swift */ = {isa = PBXFileReference; lastKnownFileType = sourcecode.swift; path = Data.swift; sourceTree = "<group>"; };
		174A78F823E3291200D0747E /* SceneDelegate.swift */ = {isa = PBXFileReference; fileEncoding = 4; lastKnownFileType = sourcecode.swift; path = SceneDelegate.swift; sourceTree = "<group>"; };
		5F1DB46289AA95840B6B556D /* Pods-Cellulant.debug.xcconfig */ = {isa = PBXFileReference; includeInIndex = 1; lastKnownFileType = text.xcconfig; name = "Pods-Cellulant.debug.xcconfig"; path = "Target Support Files/Pods-Cellulant/Pods-Cellulant.debug.xcconfig"; sourceTree = "<group>"; };
		A65351341D847035105F5B60 /* Pods_Cellulant.framework */ = {isa = PBXFileReference; explicitFileType = wrapper.framework; includeInIndex = 0; path = Pods_Cellulant.framework; sourceTree = BUILT_PRODUCTS_DIR; };
		C0636D111F970D5508CFED53 /* Pods-Cellulant.release.xcconfig */ = {isa = PBXFileReference; includeInIndex = 1; lastKnownFileType = text.xcconfig; name = "Pods-Cellulant.release.xcconfig"; path = "Target Support Files/Pods-Cellulant/Pods-Cellulant.release.xcconfig"; sourceTree = "<group>"; };
/* End PBXFileReference section */

/* Begin PBXFrameworksBuildPhase section */
		174A78D223E301AB00D0747E /* Frameworks */ = {
			isa = PBXFrameworksBuildPhase;
			buildActionMask = 2147483647;
			files = (
				08B514D6A0D4229510BE8A8F /* Pods_Cellulant.framework in Frameworks */,
			);
			runOnlyForDeploymentPostprocessing = 0;
		};
/* End PBXFrameworksBuildPhase section */

/* Begin PBXGroup section */
		174A78CC23E301AB00D0747E = {
			isa = PBXGroup;
			children = (
				174A78D723E301AB00D0747E /* Cellulant */,
				174A78D623E301AB00D0747E /* Products */,
				375019338172DFA73E292005 /* Pods */,
				3B133F4A9AF9BA6D1D3E8E1A /* Frameworks */,
			);
			sourceTree = "<group>";
		};
		174A78D623E301AB00D0747E /* Products */ = {
			isa = PBXGroup;
			children = (
				174A78D523E301AB00D0747E /* Cellulant.app */,
			);
			name = Products;
			sourceTree = "<group>";
		};
		174A78D723E301AB00D0747E /* Cellulant */ = {
			isa = PBXGroup;
			children = (
				174A78F823E3291200D0747E /* SceneDelegate.swift */,
				174A78EE23E301D800D0747E /* LoginViewModel */,
				174A78D823E301AB00D0747E /* AppDelegate.swift */,
				174A78DC23E301AB00D0747E /* MasterViewController.swift */,
				174A78DE23E301AB00D0747E /* DetailViewController.swift */,
				174A78E023E301AB00D0747E /* Main.storyboard */,
				174A78E323E301AC00D0747E /* Assets.xcassets */,
				174A78E523E301AC00D0747E /* LaunchScreen.storyboard */,
				174A78E823E301AC00D0747E /* Info.plist */,
			);
			path = Cellulant;
			sourceTree = "<group>";
		};
		174A78EE23E301D800D0747E /* LoginViewModel */ = {
			isa = PBXGroup;
			children = (
				174A78F423E303D200D0747E /* RestfulApi.swift */,
				174A78F123E3020700D0747E /* Models */,
				174A78EF23E301FA00D0747E /* LoginViewController.swift */,
			);
			path = LoginViewModel;
			sourceTree = "<group>";
		};
		174A78F123E3020700D0747E /* Models */ = {
			isa = PBXGroup;
			children = (
				174A78F223E3022300D0747E /* AppModel.swift */,
				174A78F623E305B400D0747E /* Data.swift */,
			);
			path = Models;
			sourceTree = "<group>";
		};
		375019338172DFA73E292005 /* Pods */ = {
			isa = PBXGroup;
			children = (
				5F1DB46289AA95840B6B556D /* Pods-Cellulant.debug.xcconfig */,
				C0636D111F970D5508CFED53 /* Pods-Cellulant.release.xcconfig */,
			);
			path = Pods;
			sourceTree = "<group>";
		};
		3B133F4A9AF9BA6D1D3E8E1A /* Frameworks */ = {
			isa = PBXGroup;
			children = (
				A65351341D847035105F5B60 /* Pods_Cellulant.framework */,
			);
			name = Frameworks;
			sourceTree = "<group>";
		};
/* End PBXGroup section */

/* Begin PBXNativeTarget section */
		174A78D423E301AB00D0747E /* Cellulant */ = {
			isa = PBXNativeTarget;
			buildConfigurationList = 174A78EB23E301AC00D0747E /* Build configuration list for PBXNativeTarget "Cellulant" */;
			buildPhases = (
				5FD0E5A88B4A2731E096C9C0 /* [CP] Check Pods Manifest.lock */,
				174A78D123E301AB00D0747E /* Sources */,
				174A78D223E301AB00D0747E /* Frameworks */,
				174A78D323E301AB00D0747E /* Resources */,
				53ECA297DB76D1B316CB1D1B /* [CP] Embed Pods Frameworks */,
			);
			buildRules = (
			);
			dependencies = (
			);
			name = Cellulant;
			productName = Cellulant;
			productReference = 174A78D523E301AB00D0747E /* Cellulant.app */;
			productType = "com.apple.product-type.application";
		};
/* End PBXNativeTarget section */

/* Begin PBXProject section */
		174A78CD23E301AB00D0747E /* Project object */ = {
			isa = PBXProject;
			attributes = {
				LastSwiftUpdateCheck = 1120;
				LastUpgradeCheck = 1120;
				ORGANIZATIONNAME = abiolaakinnubi.com;
				TargetAttributes = {
					174A78D423E301AB00D0747E = {
						CreatedOnToolsVersion = 11.2.1;
					};
				};
			};
			buildConfigurationList = 174A78D023E301AB00D0747E /* Build configuration list for PBXProject "Cellulant" */;
			compatibilityVersion = "Xcode 9.3";
			developmentRegion = en;
			hasScannedForEncodings = 0;
			knownRegions = (
				en,
				Base,
			);
			mainGroup = 174A78CC23E301AB00D0747E;
			productRefGroup = 174A78D623E301AB00D0747E /* Products */;
			projectDirPath = "";
			projectRoot = "";
			targets = (
				174A78D423E301AB00D0747E /* Cellulant */,
			);
		};
/* End PBXProject section */

/* Begin PBXResourcesBuildPhase section */
		174A78D323E301AB00D0747E /* Resources */ = {
			isa = PBXResourcesBuildPhase;
			buildActionMask = 2147483647;
			files = (
				174A78E723E301AC00D0747E /* LaunchScreen.storyboard in Resources */,
				174A78E423E301AC00D0747E /* Assets.xcassets in Resources */,
				174A78E223E301AB00D0747E /* Main.storyboard in Resources */,
			);
			runOnlyForDeploymentPostprocessing = 0;
		};
/* End PBXResourcesBuildPhase section */

/* Begin PBXShellScriptBuildPhase section */
		53ECA297DB76D1B316CB1D1B /* [CP] Embed Pods Frameworks */ = {
			isa = PBXShellScriptBuildPhase;
			buildActionMask = 2147483647;
			files = (
			);
			inputFileListPaths = (
				"${PODS_ROOT}/Target Support Files/Pods-Cellulant/Pods-Cellulant-frameworks-${CONFIGURATION}-input-files.xcfilelist",
			);
			name = "[CP] Embed Pods Frameworks";
			outputFileListPaths = (
				"${PODS_ROOT}/Target Support Files/Pods-Cellulant/Pods-Cellulant-frameworks-${CONFIGURATION}-output-files.xcfilelist",
			);
			runOnlyForDeploymentPostprocessing = 0;
			shellPath = /bin/sh;
			shellScript = "\"${PODS_ROOT}/Target Support Files/Pods-Cellulant/Pods-Cellulant-frameworks.sh\"\n";
			showEnvVarsInLog = 0;
		};
		5FD0E5A88B4A2731E096C9C0 /* [CP] Check Pods Manifest.lock */ = {
			isa = PBXShellScriptBuildPhase;
			buildActionMask = 2147483647;
			files = (
			);
			inputFileListPaths = (
			);
			inputPaths = (
				"${PODS_PODFILE_DIR_PATH}/Podfile.lock",
				"${PODS_ROOT}/Manifest.lock",
			);
			name = "[CP] Check Pods Manifest.lock";
			outputFileListPaths = (
			);
			outputPaths = (
				"$(DERIVED_FILE_DIR)/Pods-Cellulant-checkManifestLockResult.txt",
			);
			runOnlyForDeploymentPostprocessing = 0;
			shellPath = /bin/sh;
			shellScript = "diff \"${PODS_PODFILE_DIR_PATH}/Podfile.lock\" \"${PODS_ROOT}/Manifest.lock\" > /dev/null\nif [ $? != 0 ] ; then\n    # print error to STDERR\n    echo \"error: The sandbox is not in sync with the Podfile.lock. Run 'pod install' or update your CocoaPods installation.\" >&2\n    exit 1\nfi\n# This output is used by Xcode 'outputs' to avoid re-running this script phase.\necho \"SUCCESS\" > \"${SCRIPT_OUTPUT_FILE_0}\"\n";
			showEnvVarsInLog = 0;
		};
/* End PBXShellScriptBuildPhase section */

/* Begin PBXSourcesBuildPhase section */
		174A78D123E301AB00D0747E /* Sources */ = {
			isa = PBXSourcesBuildPhase;
			buildActionMask = 2147483647;
			files = (
				174A78D923E301AB00D0747E /* AppDelegate.swift in Sources */,
				174A78F323E3022300D0747E /* AppModel.swift in Sources */,
				174A78DD23E301AB00D0747E /* MasterViewController.swift in Sources */,
				174A78F523E303D200D0747E /* RestfulApi.swift in Sources */,
				174A78F023E301FA00D0747E /* LoginViewController.swift in Sources */,
				174A78DF23E301AB00D0747E /* DetailViewController.swift in Sources */,
				174A78F723E305B400D0747E /* Data.swift in Sources */,
				174A78F923E3291200D0747E /* SceneDelegate.swift in Sources */,
			);
			runOnlyForDeploymentPostprocessing = 0;
		};
/* End PBXSourcesBuildPhase section */

/* Begin PBXVariantGroup section */
		174A78E023E301AB00D0747E /* Main.storyboard */ = {
			isa = PBXVariantGroup;
			children = (
				174A78E123E301AB00D0747E /* Base */,
			);
			name = Main.storyboard;
			sourceTree = "<group>";
		};
		174A78E523E301AC00D0747E /* LaunchScreen.storyboard */ = {
			isa = PBXVariantGroup;
			children = (
				174A78E623E301AC00D0747E /* Base */,
			);
			name = LaunchScreen.storyboard;
			sourceTree = "<group>";
		};
/* End PBXVariantGroup section */

/* Begin XCBuildConfiguration section */
		174A78E923E301AC00D0747E /* Debug */ = {
			isa = XCBuildConfiguration;
			buildSettings = {
				ALWAYS_SEARCH_USER_PATHS = NO;
				CLANG_ANALYZER_NONNULL = YES;
				CLANG_ANALYZER_NUMBER_OBJECT_CONVERSION = YES_AGGRESSIVE;
				CLANG_CXX_LANGUAGE_STANDARD = "gnu++14";
				CLANG_CXX_LIBRARY = "libc++";
				CLANG_ENABLE_MODULES = YES;
				CLANG_ENABLE_OBJC_ARC = YES;
				CLANG_ENABLE_OBJC_WEAK = YES;
				CLANG_WARN_BLOCK_CAPTURE_AUTORELEASING = YES;
				CLANG_WARN_BOOL_CONVERSION = YES;
				CLANG_WARN_COMMA = YES;
				CLANG_WARN_CONSTANT_CONVERSION = YES;
				CLANG_WARN_DEPRECATED_OBJC_IMPLEMENTATIONS = YES;
				CLANG_WARN_DIRECT_OBJC_ISA_USAGE = YES_ERROR;
				CLANG_WARN_DOCUMENTATION_COMMENTS = YES;
				CLANG_WARN_EMPTY_BODY = YES;
				CLANG_WARN_ENUM_CONVERSION = YES;
				CLANG_WARN_INFINITE_RECURSION = YES;
				CLANG_WARN_INT_CONVERSION = YES;
				CLANG_WARN_NON_LITERAL_NULL_CONVERSION = YES;
				CLANG_WARN_OBJC_IMPLICIT_RETAIN_SELF = YES;
				CLANG_WARN_OBJC_LITERAL_CONVERSION = YES;
				CLANG_WARN_OBJC_ROOT_CLASS = YES_ERROR;
				CLANG_WARN_RANGE_LOOP_ANALYSIS = YES;
				CLANG_WARN_STRICT_PROTOTYPES = YES;
				CLANG_WARN_SUSPICIOUS_MOVE = YES;
				CLANG_WARN_UNGUARDED_AVAILABILITY = YES_AGGRESSIVE;
				CLANG_WARN_UNREACHABLE_CODE = YES;
				CLANG_WARN__DUPLICATE_METHOD_MATCH = YES;
				COPY_PHASE_STRIP = NO;
				DEBUG_INFORMATION_FORMAT = dwarf;
				ENABLE_STRICT_OBJC_MSGSEND = YES;
				ENABLE_TESTABILITY = YES;
				GCC_C_LANGUAGE_STANDARD = gnu11;
				GCC_DYNAMIC_NO_PIC = NO;
				GCC_NO_COMMON_BLOCKS = YES;
				GCC_OPTIMIZATION_LEVEL = 0;
				GCC_PREPROCESSOR_DEFINITIONS = (
					"DEBUG=1",
					"$(inherited)",
				);
				GCC_WARN_64_TO_32_BIT_CONVERSION = YES;
				GCC_WARN_ABOUT_RETURN_TYPE = YES_ERROR;
				GCC_WARN_UNDECLARED_SELECTOR = YES;
				GCC_WARN_UNINITIALIZED_AUTOS = YES_AGGRESSIVE;
				GCC_WARN_UNUSED_FUNCTION = YES;
				GCC_WARN_UNUSED_VARIABLE = YES;
				IPHONEOS_DEPLOYMENT_TARGET = 13.2;
				MTL_ENABLE_DEBUG_INFO = INCLUDE_SOURCE;
				MTL_FAST_MATH = YES;
				ONLY_ACTIVE_ARCH = YES;
				SDKROOT = iphoneos;
				SWIFT_ACTIVE_COMPILATION_CONDITIONS = DEBUG;
				SWIFT_OPTIMIZATION_LEVEL = "-Onone";
			};
			name = Debug;
		};
		174A78EA23E301AC00D0747E /* Release */ = {
			isa = XCBuildConfiguration;
			buildSettings = {
				ALWAYS_SEARCH_USER_PATHS = NO;
				CLANG_ANALYZER_NONNULL = YES;
				CLANG_ANALYZER_NUMBER_OBJECT_CONVERSION = YES_AGGRESSIVE;
				CLANG_CXX_LANGUAGE_STANDARD = "gnu++14";
				CLANG_CXX_LIBRARY = "libc++";
				CLANG_ENABLE_MODULES = YES;
				CLANG_ENABLE_OBJC_ARC = YES;
				CLANG_ENABLE_OBJC_WEAK = YES;
				CLANG_WARN_BLOCK_CAPTURE_AUTORELEASING = YES;
				CLANG_WARN_BOOL_CONVERSION = YES;
				CLANG_WARN_COMMA = YES;
				CLANG_WARN_CONSTANT_CONVERSION = YES;
				CLANG_WARN_DEPRECATED_OBJC_IMPLEMENTATIONS = YES;
				CLANG_WARN_DIRECT_OBJC_ISA_USAGE = YES_ERROR;
				CLANG_WARN_DOCUMENTATION_COMMENTS = YES;
				CLANG_WARN_EMPTY_BODY = YES;
				CLANG_WARN_ENUM_CONVERSION = YES;
				CLANG_WARN_INFINITE_RECURSION = YES;
				CLANG_WARN_INT_CONVERSION = YES;
				CLANG_WARN_NON_LITERAL_NULL_CONVERSION = YES;
				CLANG_WARN_OBJC_IMPLICIT_RETAIN_SELF = YES;
				CLANG_WARN_OBJC_LITERAL_CONVERSION = YES;
				CLANG_WARN_OBJC_ROOT_CLASS = YES_ERROR;
				CLANG_WARN_RANGE_LOOP_ANALYSIS = YES;
				CLANG_WARN_STRICT_PROTOTYPES = YES;
				CLANG_WARN_SUSPICIOUS_MOVE = YES;
				CLANG_WARN_UNGUARDED_AVAILABILITY = YES_AGGRESSIVE;
				CLANG_WARN_UNREACHABLE_CODE = YES;
				CLANG_WARN__DUPLICATE_METHOD_MATCH = YES;
				COPY_PHASE_STRIP = NO;
				DEBUG_INFORMATION_FORMAT = "dwarf-with-dsym";
				ENABLE_NS_ASSERTIONS = NO;
				ENABLE_STRICT_OBJC_MSGSEND = YES;
				GCC_C_LANGUAGE_STANDARD = gnu11;
				GCC_NO_COMMON_BLOCKS = YES;
				GCC_WARN_64_TO_32_BIT_CONVERSION = YES;
				GCC_WARN_ABOUT_RETURN_TYPE = YES_ERROR;
				GCC_WARN_UNDECLARED_SELECTOR = YES;
				GCC_WARN_UNINITIALIZED_AUTOS = YES_AGGRESSIVE;
				GCC_WARN_UNUSED_FUNCTION = YES;
				GCC_WARN_UNUSED_VARIABLE = YES;
				IPHONEOS_DEPLOYMENT_TARGET = 13.2;
				MTL_ENABLE_DEBUG_INFO = NO;
				MTL_FAST_MATH = YES;
				SDKROOT = iphoneos;
				SWIFT_COMPILATION_MODE = wholemodule;
				SWIFT_OPTIMIZATION_LEVEL = "-O";
				VALIDATE_PRODUCT = YES;
			};
			name = Release;
		};
		174A78EC23E301AC00D0747E /* Debug */ = {
			isa = XCBuildConfiguration;
			baseConfigurationReference = 5F1DB46289AA95840B6B556D /* Pods-Cellulant.debug.xcconfig */;
			buildSettings = {
				ASSETCATALOG_COMPILER_APPICON_NAME = AppIcon;
				CODE_SIGN_STYLE = Automatic;
				DEVELOPMENT_TEAM = 4ZGYMDJNBK;
				INFOPLIST_FILE = Cellulant/Info.plist;
				LD_RUNPATH_SEARCH_PATHS = (
					"$(inherited)",
					"@executable_path/Frameworks",
				);
				PRODUCT_BUNDLE_IDENTIFIER = com.abiolaakinnubi.Cellulant;
				PRODUCT_NAME = "$(TARGET_NAME)";
				SWIFT_VERSION = 5.0;
				TARGETED_DEVICE_FAMILY = "1,2";
			};
			name = Debug;
		};
		174A78ED23E301AC00D0747E /* Release */ = {
			isa = XCBuildConfiguration;
			baseConfigurationReference = C0636D111F970D5508CFED53 /* Pods-Cellulant.release.xcconfig */;
			buildSettings = {
				ASSETCATALOG_COMPILER_APPICON_NAME = AppIcon;
				CODE_SIGN_STYLE = Automatic;
				DEVELOPMENT_TEAM = 4ZGYMDJNBK;
				INFOPLIST_FILE = Cellulant/Info.plist;
				LD_RUNPATH_SEARCH_PATHS = (
					"$(inherited)",
					"@executable_path/Frameworks",
				);
				PRODUCT_BUNDLE_IDENTIFIER = com.abiolaakinnubi.Cellulant;
				PRODUCT_NAME = "$(TARGET_NAME)";
				SWIFT_VERSION = 5.0;
				TARGETED_DEVICE_FAMILY = "1,2";
			};
			name = Release;
		};
/* End XCBuildConfiguration section */

/* Begin XCConfigurationList section */
		174A78D023E301AB00D0747E /* Build configuration list for PBXProject "Cellulant" */ = {
			isa = XCConfigurationList;
			buildConfigurations = (
				174A78E923E301AC00D0747E /* Debug */,
				174A78EA23E301AC00D0747E /* Release */,
			);
			defaultConfigurationIsVisible = 0;
			defaultConfigurationName = Release;
		};
		174A78EB23E301AC00D0747E /* Build configuration list for PBXNativeTarget "Cellulant" */ = {
			isa = XCConfigurationList;
			buildConfigurations = (
				174A78EC23E301AC00D0747E /* Debug */,
				174A78ED23E301AC00D0747E /* Release */,
			);
			defaultConfigurationIsVisible = 0;
			defaultConfigurationName = Release;
		};
/* End XCConfigurationList section */
	};
	rootObject = 174A78CD23E301AB00D0747E /* Project object */;
}
